<?xml version="1.0" encoding="utf-8"?>
<Project ToolsVersion="4.0" xmlns="http://schemas.microsoft.com/developer/msbuild/2003">
  <ItemGroup>
    <Filter Include="Source Files">
      <UniqueIdentifier>{4FC737F1-C7A5-4376-A066-2A32D752A2FF}</UniqueIdentifier>
      <Extensions>cpp;c;cc;cxx;c++;cppm;ixx;def;odl;idl;hpj;bat;asm;asmx</Extensions>
    </Filter>
    <Filter Include="Header Files">
      <UniqueIdentifier>{93995380-89BD-4b04-88EB-625FBE52EBFB}</UniqueIdentifier>
      <Extensions>h;hh;hpp;hxx;h++;hm;inl;inc;ipp;xsd</Extensions>
    </Filter>
    <Filter Include="Resource Files">
      <UniqueIdentifier>{67DA6AB6-F800-4c08-8B7A-83BB121AAD01}</UniqueIdentifier>
      <Extensions>rc;ico;cur;bmp;dlg;rc2;rct;bin;rgs;gif;jpg;jpeg;jpe;resx;tiff;tif;png;wav;mfcribbon-ms</Extensions>
    </Filter>
    <Filter Include="ARray">
      <UniqueIdentifier>{d15d8227-d402-4126-b821-6989c558bd49}</UniqueIdentifier>
    </Filter>
    <Filter Include="NewFilter1">
      <UniqueIdentifier>{99f7454b-343b-4e9e-bf2d-8f2e957819f2}</UniqueIdentifier>
    </Filter>
    <Filter Include="Test">
      <UniqueIdentifier>{104e89df-0469-4865-9cf4-173d860ba47f}</UniqueIdentifier>
    </Filter>
  </ItemGroup>
  <ItemGroup>
    <ClCompile Include="어소트락 강의 0619.cpp">
      <Filter>Source Files</Filter>
    </ClCompile>
    <ClCompile Include="Source.cpp">
      <Filter>Header Files</Filter>
    </ClCompile>
    <ClCompile Include="wcscmp.cpp">
      <Filter>Source Files</Filter>
    </ClCompile>
    <ClCompile Include="어소트락 강의 0620.cpp">
      <Filter>Source Files</Filter>
    </ClCompile>
    <ClCompile Include="어소트락 강의 0622.cpp">
      <Filter>Source Files</Filter>
    </ClCompile>
    <ClCompile Include="arr.cpp">
      <Filter>Source Files</Filter>
    </ClCompile>
    <ClCompile Include="가변배열 실습.cpp">
      <Filter>Source Files</Filter>
    </ClCompile>
    <ClCompile Include="ArrArr.cpp">
      <Filter>Source Files</Filter>
    </ClCompile>
    <ClCompile Include="어소트락 강의 0625.cpp">
      <Filter>Source Files</Filter>
    </ClCompile>
    <ClCompile Include="ArrTest.cpp">
      <Filter>Source Files</Filter>
    </ClCompile>
    <ClCompile Include="ArrTest3.cpp">
      <Filter>Source Files</Filter>
    </ClCompile>
    <ClCompile Include="어소트락 강의 0626.cpp">
      <Filter>Source Files</Filter>
    </ClCompile>
    <ClCompile Include="Source1.cpp">
      <Filter>Source Files</Filter>
    </ClCompile>
    <ClCompile Include="어소트락 강의 0626-2.cpp">
      <Filter>Source Files</Filter>
    </ClCompile>
    <ClCompile Include="List.cpp">
      <Filter>Source Files</Filter>
    </ClCompile>
    <ClCompile Include="list_test1.cpp">
      <Filter>Source Files</Filter>
    </ClCompile>
    <ClCompile Include="List_Test2.cpp">
      <Filter>Source Files</Filter>
    </ClCompile>
    <ClCompile Include="어소트락 강의 0627.cpp">
      <Filter>Source Files</Filter>
    </ClCompile>
    <ClCompile Include="어소트락 강의 0628.cpp">
      <Filter>Source Files</Filter>
    </ClCompile>
    <ClCompile Include="CArr.cpp">
      <Filter>ARray</Filter>
    </ClCompile>
    <ClCompile Include="어소트락 강의 0629.cpp">
      <Filter>Source Files</Filter>
    </ClCompile>
    <ClCompile Include="Source2.cpp">
      <Filter>Source Files</Filter>
    </ClCompile>
    <ClCompile Include="어소트락 강의 0704.cpp">
      <Filter>Source Files</Filter>
    </ClCompile>
    <ClCompile Include="어소트락 강의 0708.cpp">
      <Filter>Source Files</Filter>
    </ClCompile>
    <ClCompile Include="CArrTemplateIterator.h">
      <Filter>Test</Filter>
    </ClCompile>
    <ClCompile Include="어소트락 강의 0710.cpp">
      <Filter>Source Files</Filter>
    </ClCompile>
    <ClCompile Include="어소트락 강의 0711.cpp">
      <Filter>Source Files</Filter>
    </ClCompile>
    <ClCompile Include="asdf.cpp">
      <Filter>Source Files</Filter>
    </ClCompile>
    <ClCompile Include="어소트락 강의 0714.cpp">
      <Filter>Source Files</Filter>
    </ClCompile>
  </ItemGroup>
  <ItemGroup>
    <ClInclude Include="Header.h">
      <Filter>Header Files</Filter>
    </ClInclude>
    <ClInclude Include="common.h">
      <Filter>Header Files</Filter>
    </ClInclude>
    <ClInclude Include="arr.h">
      <Filter>Header Files</Filter>
    </ClInclude>
    <ClInclude Include="ArrArr.h">
      <Filter>Header Files</Filter>
    </ClInclude>
    <ClInclude Include="List.h">
      <Filter>Header Files</Filter>
    </ClInclude>
    <ClInclude Include="ArrTest.h">
      <Filter>Header Files</Filter>
    </ClInclude>
    <ClInclude Include="ArrTest3.h">
      <Filter>Header Files</Filter>
    </ClInclude>
    <ClInclude Include="list_test1.h">
      <Filter>Header Files</Filter>
    </ClInclude>
    <ClInclude Include="List_Test2.h">
      <Filter>Header Files</Filter>
    </ClInclude>
    <ClInclude Include="Header1.h">
      <Filter>Header Files</Filter>
    </ClInclude>
    <ClInclude Include="CArr.h">
      <Filter>ARray</Filter>
    </ClInclude>
    <ClInclude Include="CArr_test.h">
      <Filter>NewFilter1</Filter>
    </ClInclude>
    <ClInclude Include="list_Test.h">
      <Filter>NewFilter1</Filter>
    </ClInclude>
    <ClInclude Include="List_template.h">
      <Filter>NewFilter1</Filter>
    </ClInclude>
    <ClInclude Include="Test2.h">
      <Filter>Test</Filter>
    </ClInclude>
  </ItemGroup>
</Project>